
Microsoft Visual Studio Solution File, Format Version 12.00
# Visual Studio Version 17
VisualStudioVersion = 17.7.33808.371
MinimumVisualStudioVersion = 10.0.40219.1
Project("{9A19103F-16F7-4668-BE54-9A1E7A4F7556}") = "KAutoHelperDemo", "KAutoHelperDemo.csproj", "{64E607B5-E9A5-47D6-976E-1D06138CEFE1}"
EndProject
Project("{9A19103F-16F7-4668-BE54-9A1E7A4F7556}") = "KAutoHelperDemo.Core", "..\KAutoHelperDemo.Core\KAutoHelperDemo.Core.csproj", "{88C8B011-11EE-44A9-B8CC-CB7845D5E889}"
EndProject
Project("{FAE04EC0-301F-11D3-BF4B-00C04F79EFBC}") = "KAutoHelper", "..\..\src\KAutoHelper.csproj", "{26C455C5-143C-4E6D-85F4-BBE85CDE8A42}"
EndProject
Global
	GlobalSection(SolutionConfigurationPlatforms) = preSolution
		Debug|Any CPU = Debug|Any CPU
		Debug|arm64 = Debug|arm64
		Debug|x64 = Debug|x64
		Debug|x86 = Debug|x86
		Release|Any CPU = Release|Any CPU
		Release|arm64 = Release|arm64
		Release|x64 = Release|x64
		Release|x86 = Release|x86
	EndGlobalSection
	GlobalSection(ProjectConfigurationPlatforms) = postSolution
		{64E607B5-E9A5-47D6-976E-1D06138CEFE1}.Debug|Any CPU.ActiveCfg = Debug|x64
		{64E607B5-E9A5-47D6-976E-1D06138CEFE1}.Debug|Any CPU.Build.0 = Debug|x64
		{64E607B5-E9A5-47D6-976E-1D06138CEFE1}.Debug|arm64.ActiveCfg = Debug|arm64
		{64E607B5-E9A5-47D6-976E-1D06138CEFE1}.Debug|arm64.Build.0 = Debug|arm64
		{64E607B5-E9A5-47D6-976E-1D06138CEFE1}.Debug|x64.ActiveCfg = Debug|x64
		{64E607B5-E9A5-47D6-976E-1D06138CEFE1}.Debug|x64.Build.0 = Debug|x64
		{64E607B5-E9A5-47D6-976E-1D06138CEFE1}.Debug|x86.ActiveCfg = Debug|x86
		{64E607B5-E9A5-47D6-976E-1D06138CEFE1}.Debug|x86.Build.0 = Debug|x86
		{64E607B5-E9A5-47D6-976E-1D06138CEFE1}.Release|Any CPU.ActiveCfg = Release|x64
		{64E607B5-E9A5-47D6-976E-1D06138CEFE1}.Release|Any CPU.Build.0 = Release|x64
		{64E607B5-E9A5-47D6-976E-1D06138CEFE1}.Release|arm64.ActiveCfg = Release|arm64
		{64E607B5-E9A5-47D6-976E-1D06138CEFE1}.Release|arm64.Build.0 = Release|arm64
		{64E607B5-E9A5-47D6-976E-1D06138CEFE1}.Release|x64.ActiveCfg = Release|x64
		{64E607B5-E9A5-47D6-976E-1D06138CEFE1}.Release|x64.Build.0 = Release|x64
		{64E607B5-E9A5-47D6-976E-1D06138CEFE1}.Release|x86.ActiveCfg = Release|x86
		{64E607B5-E9A5-47D6-976E-1D06138CEFE1}.Release|x86.Build.0 = Release|x86
		{88C8B011-11EE-44A9-B8CC-CB7845D5E889}.Debug|Any CPU.ActiveCfg = Debug|Any CPU
		{88C8B011-11EE-44A9-B8CC-CB7845D5E889}.Debug|Any CPU.Build.0 = Debug|Any CPU
		{88C8B011-11EE-44A9-B8CC-CB7845D5E889}.Debug|arm64.ActiveCfg = Debug|arm64
		{88C8B011-11EE-44A9-B8CC-CB7845D5E889}.Debug|arm64.Build.0 = Debug|arm64
		{88C8B011-11EE-44A9-B8CC-CB7845D5E889}.Debug|x64.ActiveCfg = Debug|x64
		{88C8B011-11EE-44A9-B8CC-CB7845D5E889}.Debug|x64.Build.0 = Debug|x64
		{88C8B011-11EE-44A9-B8CC-CB7845D5E889}.Debug|x86.ActiveCfg = Debug|x86
		{88C8B011-11EE-44A9-B8CC-CB7845D5E889}.Debug|x86.Build.0 = Debug|x86
		{88C8B011-11EE-44A9-B8CC-CB7845D5E889}.Release|Any CPU.ActiveCfg = Release|Any CPU
		{88C8B011-11EE-44A9-B8CC-CB7845D5E889}.Release|Any CPU.Build.0 = Release|Any CPU
		{88C8B011-11EE-44A9-B8CC-CB7845D5E889}.Release|arm64.ActiveCfg = Release|arm64
		{88C8B011-11EE-44A9-B8CC-CB7845D5E889}.Release|arm64.Build.0 = Release|arm64
		{88C8B011-11EE-44A9-B8CC-CB7845D5E889}.Release|x64.ActiveCfg = Release|x64
		{88C8B011-11EE-44A9-B8CC-CB7845D5E889}.Release|x64.Build.0 = Release|x64
		{88C8B011-11EE-44A9-B8CC-CB7845D5E889}.Release|x86.ActiveCfg = Release|x86
		{88C8B011-11EE-44A9-B8CC-CB7845D5E889}.Release|x86.Build.0 = Release|x86
		{26C455C5-143C-4E6D-85F4-BBE85CDE8A42}.Debug|Any CPU.ActiveCfg = Debug|Any CPU
		{26C455C5-143C-4E6D-85F4-BBE85CDE8A42}.Debug|Any CPU.Build.0 = Debug|Any CPU
		{26C455C5-143C-4E6D-85F4-BBE85CDE8A42}.Debug|arm64.ActiveCfg = Debug|Any CPU
		{26C455C5-143C-4E6D-85F4-BBE85CDE8A42}.Debug|arm64.Build.0 = Debug|Any CPU
		{26C455C5-143C-4E6D-85F4-BBE85CDE8A42}.Debug|x64.ActiveCfg = Debug|x64
		{26C455C5-143C-4E6D-85F4-BBE85CDE8A42}.Debug|x64.Build.0 = Debug|x64
		{26C455C5-143C-4E6D-85F4-BBE85CDE8A42}.Debug|x86.ActiveCfg = Debug|x86
		{26C455C5-143C-4E6D-85F4-BBE85CDE8A42}.Debug|x86.Build.0 = Debug|x86
		{26C455C5-143C-4E6D-85F4-BBE85CDE8A42}.Release|Any CPU.ActiveCfg = Release|Any CPU
		{26C455C5-143C-4E6D-85F4-BBE85CDE8A42}.Release|Any CPU.Build.0 = Release|Any CPU
		{26C455C5-143C-4E6D-85F4-BBE85CDE8A42}.Release|arm64.ActiveCfg = Release|Any CPU
		{26C455C5-143C-4E6D-85F4-BBE85CDE8A42}.Release|arm64.Build.0 = Release|Any CPU
		{26C455C5-143C-4E6D-85F4-BBE85CDE8A42}.Release|x64.ActiveCfg = Release|x64
		{26C455C5-143C-4E6D-85F4-BBE85CDE8A42}.Release|x64.Build.0 = Release|x64
		{26C455C5-143C-4E6D-85F4-BBE85CDE8A42}.Release|x86.ActiveCfg = Release|x86
		{26C455C5-143C-4E6D-85F4-BBE85CDE8A42}.Release|x86.Build.0 = Release|x86
	EndGlobalSection
	GlobalSection(SolutionProperties) = preSolution
		HideSolutionNode = FALSE
	EndGlobalSection
	GlobalSection(ExtensibilityGlobals) = postSolution
		SolutionGuid = {DDACB1FE-1985-4597-9992-E6E6BF31472B}
	EndGlobalSection
EndGlobal
